
Microsoft Visual Studio Solution File, Format Version 12.00
# Visual Studio Version 16
VisualStudioVersion = 16.0.30114.105
MinimumVisualStudioVersion = 10.0.40219.1
Project("{FAE04EC0-301F-11D3-BF4B-00C04F79EFBC}") = "1721050215_TranThuyHao_BTH6", "1721050215_TranThuyHao_BTH6\1721050215_TranThuyHao_BTH6.csproj", "{A9A0BB15-7260-46D6-A4B2-2CA34754955B}"
EndProject
Global
	GlobalSection(SolutionConfigurationPlatforms) = preSolution
		Debug|Any CPU = Debug|Any CPU
		Release|Any CPU = Release|Any CPU
	EndGlobalSection
	GlobalSection(ProjectConfigurationPlatforms) = postSolution
		{A9A0BB15-7260-46D6-A4B2-2CA34754955B}.Debug|Any CPU.ActiveCfg = Debug|Any CPU
		{A9A0BB15-7260-46D6-A4B2-2CA34754955B}.Debug|Any CPU.Build.0 = Debug|Any CPU
		{A9A0BB15-7260-46D6-A4B2-2CA34754955B}.Release|Any CPU.ActiveCfg = Release|Any CPU
		{A9A0BB15-7260-46D6-A4B2-2CA34754955B}.Release|Any CPU.Build.0 = Release|Any CPU
	EndGlobalSection
	GlobalSection(SolutionProperties) = preSolution
		HideSolutionNode = FALSE
	EndGlobalSection
	GlobalSection(ExtensibilityGlobals) = postSolution
		SolutionGuid = {7161F0AF-8474-4563-B420-832F504A522C}
	EndGlobalSection
EndGlobal
